
Microsoft Visual Studio Solution File, Format Version 12.00
# Visual Studio 15
VisualStudioVersion = 15.0.27130.2036
MinimumVisualStudioVersion = 10.0.40219.1
Project("{9A19103F-16F7-4668-BE54-9A1E7A4F7556}") = "Commix.ConsoleTest", "src\Commix.ConsoleTest\Commix.ConsoleTest.csproj", "{F035FFBA-F3B5-48C3-B3A4-96BCA6390292}"
EndProject
Project("{9A19103F-16F7-4668-BE54-9A1E7A4F7556}") = "Commix.Sitecore", "src\Commix.Sitecore\Commix.Sitecore.csproj", "{60FEC536-07A6-481D-8C5B-201758B4222A}"
EndProject
Project("{9A19103F-16F7-4668-BE54-9A1E7A4F7556}") = "Commix", "src\Commix\Commix.csproj", "{57C4DF10-617F-4AE1-94B5-039F88D20114}"
EndProject
Project("{FAE04EC0-301F-11D3-BF4B-00C04F79EFBC}") = "Commix.Diagnostics", "src\Commix.Diagnostics\Commix.Diagnostics.csproj", "{F3C2F5D1-0A22-4652-9A6B-CBB95BBC6DED}"
EndProject
Global
	GlobalSection(SolutionConfigurationPlatforms) = preSolution
		Debug|Any CPU = Debug|Any CPU
		Release|Any CPU = Release|Any CPU
	EndGlobalSection
	GlobalSection(ProjectConfigurationPlatforms) = postSolution
		{F035FFBA-F3B5-48C3-B3A4-96BCA6390292}.Debug|Any CPU.ActiveCfg = Debug|Any CPU
		{F035FFBA-F3B5-48C3-B3A4-96BCA6390292}.Debug|Any CPU.Build.0 = Debug|Any CPU
		{F035FFBA-F3B5-48C3-B3A4-96BCA6390292}.Release|Any CPU.ActiveCfg = Release|Any CPU
		{F035FFBA-F3B5-48C3-B3A4-96BCA6390292}.Release|Any CPU.Build.0 = Release|Any CPU
		{60FEC536-07A6-481D-8C5B-201758B4222A}.Debug|Any CPU.ActiveCfg = Debug|Any CPU
		{60FEC536-07A6-481D-8C5B-201758B4222A}.Debug|Any CPU.Build.0 = Debug|Any CPU
		{60FEC536-07A6-481D-8C5B-201758B4222A}.Release|Any CPU.ActiveCfg = Release|Any CPU
		{60FEC536-07A6-481D-8C5B-201758B4222A}.Release|Any CPU.Build.0 = Release|Any CPU
		{57C4DF10-617F-4AE1-94B5-039F88D20114}.Debug|Any CPU.ActiveCfg = Debug|Any CPU
		{57C4DF10-617F-4AE1-94B5-039F88D20114}.Debug|Any CPU.Build.0 = Debug|Any CPU
		{57C4DF10-617F-4AE1-94B5-039F88D20114}.Release|Any CPU.ActiveCfg = Release|Any CPU
		{57C4DF10-617F-4AE1-94B5-039F88D20114}.Release|Any CPU.Build.0 = Release|Any CPU
		{F3C2F5D1-0A22-4652-9A6B-CBB95BBC6DED}.Debug|Any CPU.ActiveCfg = Debug|Any CPU
		{F3C2F5D1-0A22-4652-9A6B-CBB95BBC6DED}.Debug|Any CPU.Build.0 = Debug|Any CPU
		{F3C2F5D1-0A22-4652-9A6B-CBB95BBC6DED}.Release|Any CPU.ActiveCfg = Release|Any CPU
		{F3C2F5D1-0A22-4652-9A6B-CBB95BBC6DED}.Release|Any CPU.Build.0 = Release|Any CPU
	EndGlobalSection
	GlobalSection(SolutionProperties) = preSolution
		HideSolutionNode = FALSE
	EndGlobalSection
	GlobalSection(ExtensibilityGlobals) = postSolution
		SolutionGuid = {228601CB-F3AD-41C5-958B-9D0A34FD288B}
	EndGlobalSection
EndGlobal
